{
    "_readme": [
        "This file locks the dependencies of your project to a known state",
        "Read more about it at https://getcomposer.org/doc/01-basic-usage.md#installing-dependencies",
        "This file is @generated automatically"
    ],
    "content-hash": "a49e59d12708409032102275f2a4c0be",
    "packages": [
        {
            "name": "julienlinard/php-router",
            "version": "1.4.0",
            "source": {
                "type": "git",
                "url": "https://github.com/julien-lin/php-router.git",
                "reference": "9868c653b25bed44243830f53e9b4ef22297f86f"
            },
            "dist": {
                "type": "zip",
                "url": "https://api.github.com/repos/julien-lin/php-router/zipball/9868c653b25bed44243830f53e9b4ef22297f86f",
                "reference": "9868c653b25bed44243830f53e9b4ef22297f86f",
                "shasum": ""
            },
            "require": {
                "php": ">=8.0"
            },
            "require-dev": {
                "phpunit/phpunit": "^11.5"
            },
            "type": "library",
            "autoload": {
                "psr-4": {
                    "JulienLinard\\Router\\": "src/Router/"
                }
            },
            "notification-url": "https://packagist.org/downloads/",
            "license": [
                "MIT"
            ],
            "authors": [
                {
                    "name": "Julien Linard",
                    "email": "julien.linard.dev@gmail.com",
                    "homepage": "https://github.com/julien-lin"
                }
            ],
            "description": "Un routeur PHP moderne et complet avec support des routes dynamiques, middlewares, groupes de routes et génération d'URL. Compatible PHP 8+ avec Attributes.",
            "homepage": "https://github.com/julien-lin/php-router",
            "keywords": [
                "PSR-4",
                "attributes",
                "http",
                "middleware",
                "php",
                "php8",
                "router",
                "routes",
                "routing"
            ],
            "support": {
                "issues": "https://github.com/julien-lin/php-router/issues",
                "source": "https://github.com/julien-lin/php-router"
            },
            "time": "2025-11-29T15:16:55+00:00"
        }
    ],
    "packages-dev": [],
    "aliases": [],
    "minimum-stability": "stable",
    "stability-flags": [],
    "prefer-stable": false,
    "prefer-lowest": false,
    "platform": [],
    "platform-dev": [],
    "plugin-api-version": "2.6.0"
}
